
Microsoft Visual Studio Solution File, Format Version 12.00
# Visual Studio Version 17
VisualStudioVersion = 17.0.32112.339
MinimumVisualStudioVersion = 10.0.40219.1
Project("{9A19103F-16F7-4668-BE54-9A1E7A4F7556}") = "UnitTests", "UnitTests\UnitTests.csproj", "{92AB4D67-A709-4804-85FB-06307DCC52BD}"
EndProject
Project("{9A19103F-16F7-4668-BE54-9A1E7A4F7556}") = "Domain", "Domain\Domain.csproj", "{51B57334-8605-48A0-B22B-B1ACDE286C79}"
EndProject
Project("{9A19103F-16F7-4668-BE54-9A1E7A4F7556}") = "WinFormsApp", "WinFormsApp\WinFormsApp.csproj", "{DCDBD30B-5CD8-4B72-A07B-0FB1A27281EF}"
EndProject
Project("{9A19103F-16F7-4668-BE54-9A1E7A4F7556}") = "Server", "Server\Server.csproj", "{7A0E1B78-8158-434C-8E37-87C98572B372}"
EndProject
Global
	GlobalSection(SolutionConfigurationPlatforms) = preSolution
		Debug|Any CPU = Debug|Any CPU
		Release|Any CPU = Release|Any CPU
	EndGlobalSection
	GlobalSection(ProjectConfigurationPlatforms) = postSolution
		{92AB4D67-A709-4804-85FB-06307DCC52BD}.Debug|Any CPU.ActiveCfg = Debug|Any CPU
		{92AB4D67-A709-4804-85FB-06307DCC52BD}.Debug|Any CPU.Build.0 = Debug|Any CPU
		{92AB4D67-A709-4804-85FB-06307DCC52BD}.Release|Any CPU.ActiveCfg = Release|Any CPU
		{92AB4D67-A709-4804-85FB-06307DCC52BD}.Release|Any CPU.Build.0 = Release|Any CPU
		{51B57334-8605-48A0-B22B-B1ACDE286C79}.Debug|Any CPU.ActiveCfg = Debug|Any CPU
		{51B57334-8605-48A0-B22B-B1ACDE286C79}.Debug|Any CPU.Build.0 = Debug|Any CPU
		{51B57334-8605-48A0-B22B-B1ACDE286C79}.Release|Any CPU.ActiveCfg = Release|Any CPU
		{51B57334-8605-48A0-B22B-B1ACDE286C79}.Release|Any CPU.Build.0 = Release|Any CPU
		{DCDBD30B-5CD8-4B72-A07B-0FB1A27281EF}.Debug|Any CPU.ActiveCfg = Debug|Any CPU
		{DCDBD30B-5CD8-4B72-A07B-0FB1A27281EF}.Debug|Any CPU.Build.0 = Debug|Any CPU
		{DCDBD30B-5CD8-4B72-A07B-0FB1A27281EF}.Release|Any CPU.ActiveCfg = Release|Any CPU
		{DCDBD30B-5CD8-4B72-A07B-0FB1A27281EF}.Release|Any CPU.Build.0 = Release|Any CPU
		{7A0E1B78-8158-434C-8E37-87C98572B372}.Debug|Any CPU.ActiveCfg = Debug|Any CPU
		{7A0E1B78-8158-434C-8E37-87C98572B372}.Debug|Any CPU.Build.0 = Debug|Any CPU
		{7A0E1B78-8158-434C-8E37-87C98572B372}.Release|Any CPU.ActiveCfg = Release|Any CPU
		{7A0E1B78-8158-434C-8E37-87C98572B372}.Release|Any CPU.Build.0 = Release|Any CPU
	EndGlobalSection
	GlobalSection(SolutionProperties) = preSolution
		HideSolutionNode = FALSE
	EndGlobalSection
	GlobalSection(ExtensibilityGlobals) = postSolution
		SolutionGuid = {F29C421E-51F7-4F5B-9B91-80B2417A1346}
	EndGlobalSection
EndGlobal
